{
archiveVersion = 1;
classes = {};
objectVersion = 56;
objects = {
F0001 = {isa = PBXFileReference; lastKnownFileType = wrapper.application; path = VoiceChatGpt.app; sourceTree = BUILT_PRODUCTS_DIR;};
F0002 = {isa = PBXFileReference; lastKnownFileType = sourcecode.swift; path = VoiceChatGptApp.swift; sourceTree = "<group>";};
F0003 = {isa = PBXFileReference; lastKnownFileType = sourcecode.swift; path = ContentView.swift; sourceTree = "<group>";};
F0004 = {isa = PBXFileReference; lastKnownFileType = sourcecode.swift; path = RealtimeClient.swift; sourceTree = "<group>";};
F0005 = {isa = PBXFileReference; lastKnownFileType = sourcecode.swift; path = VoiceChatViewModel.swift; sourceTree = "<group>";};
F0006 = {isa = PBXFileReference; lastKnownFileType = sourcecode.swift; path = PIIRedactor.swift; sourceTree = "<group>";};
F0007 = {isa = PBXFileReference; lastKnownFileType = sourcecode.swift; path = TranscriptRingBuffer.swift; sourceTree = "<group>";};
F0008 = {isa = PBXFileReference; lastKnownFileType = text.plist.xml; path = Info.plist; sourceTree = "<group>";};
G0001 = {isa = PBXGroup; children = (G0002); sourceTree = "<group>";};
G0002 = {isa = PBXGroup; children = (F0002,F0003,F0004,F0005,F0006,F0007,F0008); path = VoiceChatGpt; sourceTree = "<group>";};
B0001 = {isa = PBXBuildFile; fileRef = F0002;};
B0002 = {isa = PBXBuildFile; fileRef = F0003;};
B0003 = {isa = PBXBuildFile; fileRef = F0004;};
B0004 = {isa = PBXBuildFile; fileRef = F0005;};
B0005 = {isa = PBXBuildFile; fileRef = F0006;};
B0006 = {isa = PBXBuildFile; fileRef = F0007;};
B0007 = {isa = PBXBuildFile; fileRef = F0008;};
S0001 = {isa = PBXSourcesBuildPhase; files = (B0001,B0002,B0003,B0004,B0005,B0006);};
R0001 = {isa = PBXResourcesBuildPhase; files = (B0007);};
F0009 = {isa = PBXFrameworksBuildPhase; files = ();};
T0001 = {isa = PBXNativeTarget; buildConfigurationList = C0001; buildPhases = (S0001,F0009,R0001); name = VoiceChatGpt; productName = VoiceChatGpt; productReference = F0001; productType = "com.apple.product-type.application";};
P0001 = {isa = PBXProject; buildConfigurationList = C0002; compatibilityVersion = "Xcode 15.0"; mainGroup = G0001; productRefGroup = G0001; targets = (T0001);};
C1001 = {isa = XCBuildConfiguration; buildSettings = {INFOPLIST_FILE = VoiceChatGpt/Info.plist; PRODUCT_BUNDLE_IDENTIFIER = com.example.VoiceChatGpt; SWIFT_VERSION = 5.0; IPHONEOS_DEPLOYMENT_TARGET = 16.0;}; name = Debug;};
C1002 = {isa = XCBuildConfiguration; buildSettings = {INFOPLIST_FILE = VoiceChatGpt/Info.plist; PRODUCT_BUNDLE_IDENTIFIER = com.example.VoiceChatGpt; SWIFT_VERSION = 5.0; IPHONEOS_DEPLOYMENT_TARGET = 16.0;}; name = Release;};
C0001 = {isa = XCConfigurationList; buildConfigurations = (C1001,C1002); defaultConfigurationIsVisible = 0; defaultConfigurationName = Debug;};
C0002 = {isa = XCConfigurationList; buildConfigurations = (C1001,C1002); defaultConfigurationIsVisible = 0; defaultConfigurationName = Debug;};
};
rootObject = P0001;
}
